
Microsoft Visual Studio Solution File, Format Version 12.00
# Visual Studio Version 17
VisualStudioVersion = 17.11.35312.102
MinimumVisualStudioVersion = 10.0.40219.1
Project("{FAE04EC0-301F-11D3-BF4B-00C04F79EFBC}") = "Talma.Api", "Talma.Api\Talma.Api.csproj", "{051E816F-42B5-4B6F-A995-A7C0BD17499E}"
EndProject
Project("{FAE04EC0-301F-11D3-BF4B-00C04F79EFBC}") = "Talma.Core", "Talma.Core\Talma.Core.csproj", "{6D474AA5-8AD7-4BDC-9E3F-A135FC422A74}"
EndProject
Global
	GlobalSection(SolutionConfigurationPlatforms) = preSolution
		Debug|Any CPU = Debug|Any CPU
		Release|Any CPU = Release|Any CPU
	EndGlobalSection
	GlobalSection(ProjectConfigurationPlatforms) = postSolution
		{051E816F-42B5-4B6F-A995-A7C0BD17499E}.Debug|Any CPU.ActiveCfg = Debug|Any CPU
		{051E816F-42B5-4B6F-A995-A7C0BD17499E}.Debug|Any CPU.Build.0 = Debug|Any CPU
		{051E816F-42B5-4B6F-A995-A7C0BD17499E}.Release|Any CPU.ActiveCfg = Release|Any CPU
		{051E816F-42B5-4B6F-A995-A7C0BD17499E}.Release|Any CPU.Build.0 = Release|Any CPU
		{6D474AA5-8AD7-4BDC-9E3F-A135FC422A74}.Debug|Any CPU.ActiveCfg = Debug|Any CPU
		{6D474AA5-8AD7-4BDC-9E3F-A135FC422A74}.Debug|Any CPU.Build.0 = Debug|Any CPU
		{6D474AA5-8AD7-4BDC-9E3F-A135FC422A74}.Release|Any CPU.ActiveCfg = Release|Any CPU
		{6D474AA5-8AD7-4BDC-9E3F-A135FC422A74}.Release|Any CPU.Build.0 = Release|Any CPU
	EndGlobalSection
	GlobalSection(SolutionProperties) = preSolution
		HideSolutionNode = FALSE
	EndGlobalSection
	GlobalSection(ExtensibilityGlobals) = postSolution
		SolutionGuid = {7F9AE225-F25F-4322-8A1A-EF2B8F97BC26}
	EndGlobalSection
EndGlobal
